
Microsoft Visual Studio Solution File, Format Version 12.00
Project("{FAE04EC0-301F-11D3-BF4B-00C04F79EFBC}") = "Fueller.Api", "src\Fueller.Api\Fueller.Api.csproj", "{EEFC9427-92E7-4F87-A96E-4F4C307CC204}"
EndProject
Project("{2150E333-8FDC-42A3-9474-1A3956D46DE8}") = "src", "src", "{EDFF0FDC-9A68-4440-AA7A-AA25832E68CA}"
EndProject
Project("{FAE04EC0-301F-11D3-BF4B-00C04F79EFBC}") = "Fueller.Domain", "src\Fueller.Domain\Fueller.Domain.csproj", "{DA71A7F1-1A37-4029-8AA1-928245A81785}"
EndProject
Project("{FAE04EC0-301F-11D3-BF4B-00C04F79EFBC}") = "Fueller.Infrastructure", "src\Fueller.Infrastructure\Fueller.Infrastructure.csproj", "{20573BA5-4024-47A8-823F-8AF19702532B}"
EndProject
Global
	GlobalSection(SolutionConfigurationPlatforms) = preSolution
		Debug|Any CPU = Debug|Any CPU
		Release|Any CPU = Release|Any CPU
	EndGlobalSection
	GlobalSection(ProjectConfigurationPlatforms) = postSolution
		{EEFC9427-92E7-4F87-A96E-4F4C307CC204}.Debug|Any CPU.ActiveCfg = Debug|Any CPU
		{EEFC9427-92E7-4F87-A96E-4F4C307CC204}.Debug|Any CPU.Build.0 = Debug|Any CPU
		{EEFC9427-92E7-4F87-A96E-4F4C307CC204}.Release|Any CPU.ActiveCfg = Release|Any CPU
		{EEFC9427-92E7-4F87-A96E-4F4C307CC204}.Release|Any CPU.Build.0 = Release|Any CPU
		{DA71A7F1-1A37-4029-8AA1-928245A81785}.Debug|Any CPU.ActiveCfg = Debug|Any CPU
		{DA71A7F1-1A37-4029-8AA1-928245A81785}.Debug|Any CPU.Build.0 = Debug|Any CPU
		{DA71A7F1-1A37-4029-8AA1-928245A81785}.Release|Any CPU.ActiveCfg = Release|Any CPU
		{DA71A7F1-1A37-4029-8AA1-928245A81785}.Release|Any CPU.Build.0 = Release|Any CPU
		{20573BA5-4024-47A8-823F-8AF19702532B}.Debug|Any CPU.ActiveCfg = Debug|Any CPU
		{20573BA5-4024-47A8-823F-8AF19702532B}.Debug|Any CPU.Build.0 = Debug|Any CPU
		{20573BA5-4024-47A8-823F-8AF19702532B}.Release|Any CPU.ActiveCfg = Release|Any CPU
		{20573BA5-4024-47A8-823F-8AF19702532B}.Release|Any CPU.Build.0 = Release|Any CPU
	EndGlobalSection
	GlobalSection(NestedProjects) = preSolution
		{EEFC9427-92E7-4F87-A96E-4F4C307CC204} = {EDFF0FDC-9A68-4440-AA7A-AA25832E68CA}
		{DA71A7F1-1A37-4029-8AA1-928245A81785} = {EDFF0FDC-9A68-4440-AA7A-AA25832E68CA}
		{20573BA5-4024-47A8-823F-8AF19702532B} = {EDFF0FDC-9A68-4440-AA7A-AA25832E68CA}
	EndGlobalSection
EndGlobal
